
Microsoft Visual Studio Solution File, Format Version 12.00
# Visual Studio Version 16
VisualStudioVersion = 16.0.32126.315
MinimumVisualStudioVersion = 10.0.40219.1
Project("{FAE04EC0-301F-11D3-BF4B-00C04F79EFBC}") = "ST10085149_ICE_TASK1", "ST10085149_ICE_TASK1\ST10085149_ICE_TASK1.csproj", "{D964F4C5-CA89-44F4-9F0C-8D68EE30C1D5}"
EndProject
Global
	GlobalSection(SolutionConfigurationPlatforms) = preSolution
		Debug|Any CPU = Debug|Any CPU
		Release|Any CPU = Release|Any CPU
	EndGlobalSection
	GlobalSection(ProjectConfigurationPlatforms) = postSolution
		{D964F4C5-CA89-44F4-9F0C-8D68EE30C1D5}.Debug|Any CPU.ActiveCfg = Debug|Any CPU
		{D964F4C5-CA89-44F4-9F0C-8D68EE30C1D5}.Debug|Any CPU.Build.0 = Debug|Any CPU
		{D964F4C5-CA89-44F4-9F0C-8D68EE30C1D5}.Release|Any CPU.ActiveCfg = Release|Any CPU
		{D964F4C5-CA89-44F4-9F0C-8D68EE30C1D5}.Release|Any CPU.Build.0 = Release|Any CPU
	EndGlobalSection
	GlobalSection(SolutionProperties) = preSolution
		HideSolutionNode = FALSE
	EndGlobalSection
	GlobalSection(ExtensibilityGlobals) = postSolution
		SolutionGuid = {5707F008-B9C8-4BC9-96EC-BBBFE895E4E6}
	EndGlobalSection
EndGlobal
